
Microsoft Visual Studio Solution File, Format Version 12.00
# Visual Studio 14
VisualStudioVersion = 14.0.25420.1
MinimumVisualStudioVersion = 10.0.40219.1
Project("{FAE04EC0-301F-11D3-BF4B-00C04F79EFBC}") = "Engine", "Engine\Engine.csproj", "{A7A55AFB-40E2-4AF6-9C05-6EA30644C244}"
EndProject
Project("{FAE04EC0-301F-11D3-BF4B-00C04F79EFBC}") = "Game", "Game\Game.csproj", "{F305EB29-5748-4385-9E45-452DED630F46}"
EndProject
Global
	GlobalSection(Performance) = preSolution
		HasPerformanceSessions = true
	EndGlobalSection
	GlobalSection(SolutionConfigurationPlatforms) = preSolution
		Debug|Any CPU = Debug|Any CPU
		Release|Any CPU = Release|Any CPU
	EndGlobalSection
	GlobalSection(ProjectConfigurationPlatforms) = postSolution
		{A7A55AFB-40E2-4AF6-9C05-6EA30644C244}.Debug|Any CPU.ActiveCfg = Debug|Any CPU
		{A7A55AFB-40E2-4AF6-9C05-6EA30644C244}.Debug|Any CPU.Build.0 = Debug|Any CPU
		{A7A55AFB-40E2-4AF6-9C05-6EA30644C244}.Release|Any CPU.ActiveCfg = Release|Any CPU
		{A7A55AFB-40E2-4AF6-9C05-6EA30644C244}.Release|Any CPU.Build.0 = Release|Any CPU
		{F305EB29-5748-4385-9E45-452DED630F46}.Debug|Any CPU.ActiveCfg = Debug|Any CPU
		{F305EB29-5748-4385-9E45-452DED630F46}.Debug|Any CPU.Build.0 = Debug|Any CPU
		{F305EB29-5748-4385-9E45-452DED630F46}.Release|Any CPU.ActiveCfg = Release|Any CPU
		{F305EB29-5748-4385-9E45-452DED630F46}.Release|Any CPU.Build.0 = Release|Any CPU
	EndGlobalSection
	GlobalSection(SolutionProperties) = preSolution
		HideSolutionNode = FALSE
	EndGlobalSection
EndGlobal
