
Microsoft Visual Studio Solution File, Format Version 12.00
# Visual Studio Version 16
VisualStudioVersion = 16.0.29001.49
MinimumVisualStudioVersion = 10.0.40219.1
Project("{FAE04EC0-301F-11D3-BF4B-00C04F79EFBC}") = "MemoryExampleCS", "MemoryExampleCS.csproj", "{1ED55FE8-A6E7-46DD-AD03-E7C1C77BDC5F}"
EndProject
Global
	GlobalSection(SolutionConfigurationPlatforms) = preSolution
		Debug|Any CPU = Debug|Any CPU
		Release|Any CPU = Release|Any CPU
	EndGlobalSection
	GlobalSection(ProjectConfigurationPlatforms) = postSolution
		{1ED55FE8-A6E7-46DD-AD03-E7C1C77BDC5F}.Debug|Any CPU.ActiveCfg = Debug|Any CPU
		{1ED55FE8-A6E7-46DD-AD03-E7C1C77BDC5F}.Debug|Any CPU.Build.0 = Debug|Any CPU
		{1ED55FE8-A6E7-46DD-AD03-E7C1C77BDC5F}.Release|Any CPU.ActiveCfg = Release|Any CPU
		{1ED55FE8-A6E7-46DD-AD03-E7C1C77BDC5F}.Release|Any CPU.Build.0 = Release|Any CPU
	EndGlobalSection
	GlobalSection(SolutionProperties) = preSolution
		HideSolutionNode = FALSE
	EndGlobalSection
	GlobalSection(ExtensibilityGlobals) = postSolution
		SolutionGuid = {8DFD55A8-63FB-49B7-A398-C1D1D4D25CA0}
	EndGlobalSection
EndGlobal
