
Microsoft Visual Studio Solution File, Format Version 12.00
# Visual Studio Version 16
VisualStudioVersion = 16.0.29001.49
MinimumVisualStudioVersion = 10.0.40219.1
Project("{FAE04EC0-301F-11D3-BF4B-00C04F79EFBC}") = "RaceCondition", "RaceCondition.csproj", "{4096AFC3-E871-456C-8772-7DD9706C3CEC}"
EndProject
Global
	GlobalSection(SolutionConfigurationPlatforms) = preSolution
		Debug|Any CPU = Debug|Any CPU
		Release|Any CPU = Release|Any CPU
	EndGlobalSection
	GlobalSection(ProjectConfigurationPlatforms) = postSolution
		{4096AFC3-E871-456C-8772-7DD9706C3CEC}.Debug|Any CPU.ActiveCfg = Debug|Any CPU
		{4096AFC3-E871-456C-8772-7DD9706C3CEC}.Debug|Any CPU.Build.0 = Debug|Any CPU
		{4096AFC3-E871-456C-8772-7DD9706C3CEC}.Release|Any CPU.ActiveCfg = Release|Any CPU
		{4096AFC3-E871-456C-8772-7DD9706C3CEC}.Release|Any CPU.Build.0 = Release|Any CPU
	EndGlobalSection
	GlobalSection(SolutionProperties) = preSolution
		HideSolutionNode = FALSE
	EndGlobalSection
	GlobalSection(ExtensibilityGlobals) = postSolution
		SolutionGuid = {207505B4-F92C-443A-9FB9-AAE250B712BC}
	EndGlobalSection
EndGlobal
